
Microsoft Visual Studio Solution File, Format Version 12.00
# Visual Studio 15
Project("{FAE04EC0-301F-11D3-BF4B-00C04F79EFBC}") = "xr.sdkTools.Runtime", "xr.sdkTools.Runtime.csproj", "{51AB3B4B-13CD-E09B-F4D4-43D9A1D4421D}"
EndProject
Project("{FAE04EC0-301F-11D3-BF4B-00C04F79EFBC}") = "xr.sdkTools.Editor", "xr.sdkTools.Editor.csproj", "{E2772A61-E360-4445-6DDD-F334599ACB10}"
EndProject
Global
	GlobalSection(SolutionConfigurationPlatforms) = preSolution
		Debug|Any CPU = Debug|Any CPU
		Release|Any CPU = Release|Any CPU
	EndGlobalSection
	GlobalSection(ProjectConfigurationPlatforms) = postSolution
		{51AB3B4B-13CD-E09B-F4D4-43D9A1D4421D}.Debug|Any CPU.ActiveCfg = Debug|Any CPU
		{51AB3B4B-13CD-E09B-F4D4-43D9A1D4421D}.Debug|Any CPU.Build.0 = Debug|Any CPU
		{51AB3B4B-13CD-E09B-F4D4-43D9A1D4421D}.Release|Any CPU.ActiveCfg = Release|Any CPU
		{51AB3B4B-13CD-E09B-F4D4-43D9A1D4421D}.Release|Any CPU.Build.0 = Release|Any CPU
		{E2772A61-E360-4445-6DDD-F334599ACB10}.Debug|Any CPU.ActiveCfg = Debug|Any CPU
		{E2772A61-E360-4445-6DDD-F334599ACB10}.Debug|Any CPU.Build.0 = Debug|Any CPU
		{E2772A61-E360-4445-6DDD-F334599ACB10}.Release|Any CPU.ActiveCfg = Release|Any CPU
		{E2772A61-E360-4445-6DDD-F334599ACB10}.Release|Any CPU.Build.0 = Release|Any CPU
	EndGlobalSection
	GlobalSection(SolutionProperties) = preSolution
		HideSolutionNode = FALSE
	EndGlobalSection
EndGlobal
